
Microsoft Visual Studio Solution File, Format Version 12.00
# Visual Studio Version 16
VisualStudioVersion = 16.0.30413.136
MinimumVisualStudioVersion = 10.0.40219.1
Project("{FAE04EC0-301F-11D3-BF4B-00C04F79EFBC}") = "LinqRjaka2", "LinqRjaka2\LinqRjaka2.csproj", "{6E282F2D-CF0F-4127-B7B1-DBCD9E59BBAA}"
EndProject
Global
	GlobalSection(SolutionConfigurationPlatforms) = preSolution
		Debug|Any CPU = Debug|Any CPU
		Release|Any CPU = Release|Any CPU
	EndGlobalSection
	GlobalSection(ProjectConfigurationPlatforms) = postSolution
		{6E282F2D-CF0F-4127-B7B1-DBCD9E59BBAA}.Debug|Any CPU.ActiveCfg = Debug|Any CPU
		{6E282F2D-CF0F-4127-B7B1-DBCD9E59BBAA}.Debug|Any CPU.Build.0 = Debug|Any CPU
		{6E282F2D-CF0F-4127-B7B1-DBCD9E59BBAA}.Release|Any CPU.ActiveCfg = Release|Any CPU
		{6E282F2D-CF0F-4127-B7B1-DBCD9E59BBAA}.Release|Any CPU.Build.0 = Release|Any CPU
	EndGlobalSection
	GlobalSection(SolutionProperties) = preSolution
		HideSolutionNode = FALSE
	EndGlobalSection
	GlobalSection(ExtensibilityGlobals) = postSolution
		SolutionGuid = {AF70B47B-E258-4458-9B08-3AACBC9822CF}
	EndGlobalSection
EndGlobal
