
Microsoft Visual Studio Solution File, Format Version 12.00
# Visual Studio Version 16
VisualStudioVersion = 16.0.30413.136
MinimumVisualStudioVersion = 10.0.40219.1
Project("{FAE04EC0-301F-11D3-BF4B-00C04F79EFBC}") = "Practici", "Practici\Practici.csproj", "{934C15EB-9C99-4130-BE59-23A37FC728F8}"
EndProject
Project("{FAE04EC0-301F-11D3-BF4B-00C04F79EFBC}") = "sosci", "sosci\sosci.csproj", "{B9860A6A-7CE0-4EA6-9C81-7B7DF119B468}"
EndProject
Global
	GlobalSection(SolutionConfigurationPlatforms) = preSolution
		Debug|Any CPU = Debug|Any CPU
		Release|Any CPU = Release|Any CPU
	EndGlobalSection
	GlobalSection(ProjectConfigurationPlatforms) = postSolution
		{934C15EB-9C99-4130-BE59-23A37FC728F8}.Debug|Any CPU.ActiveCfg = Debug|Any CPU
		{934C15EB-9C99-4130-BE59-23A37FC728F8}.Debug|Any CPU.Build.0 = Debug|Any CPU
		{934C15EB-9C99-4130-BE59-23A37FC728F8}.Release|Any CPU.ActiveCfg = Release|Any CPU
		{934C15EB-9C99-4130-BE59-23A37FC728F8}.Release|Any CPU.Build.0 = Release|Any CPU
		{B9860A6A-7CE0-4EA6-9C81-7B7DF119B468}.Debug|Any CPU.ActiveCfg = Debug|Any CPU
		{B9860A6A-7CE0-4EA6-9C81-7B7DF119B468}.Debug|Any CPU.Build.0 = Debug|Any CPU
		{B9860A6A-7CE0-4EA6-9C81-7B7DF119B468}.Release|Any CPU.ActiveCfg = Release|Any CPU
		{B9860A6A-7CE0-4EA6-9C81-7B7DF119B468}.Release|Any CPU.Build.0 = Release|Any CPU
	EndGlobalSection
	GlobalSection(SolutionProperties) = preSolution
		HideSolutionNode = FALSE
	EndGlobalSection
	GlobalSection(ExtensibilityGlobals) = postSolution
		SolutionGuid = {AF70B47B-E258-4458-9B08-3AACBC9822CF}
	EndGlobalSection
EndGlobal
